
Microsoft Visual Studio Solution File, Format Version 12.00
# Visual Studio Version 16
VisualStudioVersion = 16.0.32929.386
MinimumVisualStudioVersion = 10.0.40219.1
Project("{FAE04EC0-301F-11D3-BF4B-00C04F79EFBC}") = "MDR_FUEL_MANAGER", "MDR_FUEL_MANAGER.csproj", "{8AD8327A-31E3-4871-8595-EF2124D03274}"
EndProject
Global
	GlobalSection(SolutionConfigurationPlatforms) = preSolution
		Debug|x64 = Debug|x64
	EndGlobalSection
	GlobalSection(ProjectConfigurationPlatforms) = postSolution
		{8AD8327A-31E3-4871-8595-EF2124D03274}.Debug|x64.ActiveCfg = Debug|x64
		{8AD8327A-31E3-4871-8595-EF2124D03274}.Debug|x64.Build.0 = Debug|x64
	EndGlobalSection
	GlobalSection(SolutionProperties) = preSolution
		HideSolutionNode = FALSE
	EndGlobalSection
	GlobalSection(ExtensibilityGlobals) = postSolution
		SolutionGuid = {588CB763-56A1-470A-9C05-2184878A3F68}
	EndGlobalSection
EndGlobal
